// !$*UTF8*$!
{
	archiveVersion = 1;
	classes = {
	};
	objectVersion = 46;
	objects = {

/* Begin PBXBuildFile section */
		9F2D49B41F27C6F2004BD26D /* NSArray+HOFC.m in Sources */ = {isa = PBXBuildFile; fileRef = 9F2D49B31F27C6F2004BD26D /* NSArray+HOFC.m */; };
		9F2D49B71F27C740004BD26D /* ExampleUsages.m in Sources */ = {isa = PBXBuildFile; fileRef = 9F2D49B61F27C740004BD26D /* ExampleUsages.m */; };
		9FACAC831F26EE6900BEA488 /* main.m in Sources */ = {isa = PBXBuildFile; fileRef = 9FACAC821F26EE6900BEA488 /* main.m */; };
		9FACAC8B1F26EF5100BEA488 /* NSArray+HOF.m in Sources */ = {isa = PBXBuildFile; fileRef = 9FACAC8A1F26EF5100BEA488 /* NSArray+HOF.m */; };
/* End PBXBuildFile section */

/* Begin PBXCopyFilesBuildPhase section */
		9FACAC7D1F26EE6900BEA488 /* CopyFiles */ = {
			isa = PBXCopyFilesBuildPhase;
			buildActionMask = 2147483647;
			dstPath = /usr/share/man/man1/;
			dstSubfolderSpec = 0;
			files = (
			);
			runOnlyForDeploymentPostprocessing = 1;
		};
/* End PBXCopyFilesBuildPhase section */

/* Begin PBXFileReference section */
		9F2D49B21F27C6F2004BD26D /* NSArray+HOFC.h */ = {isa = PBXFileReference; fileEncoding = 4; lastKnownFileType = sourcecode.c.h; path = "NSArray+HOFC.h"; sourceTree = "<group>"; };
		9F2D49B31F27C6F2004BD26D /* NSArray+HOFC.m */ = {isa = PBXFileReference; fileEncoding = 4; lastKnownFileType = sourcecode.c.objc; path = "NSArray+HOFC.m"; sourceTree = "<group>"; };
		9F2D49B51F27C740004BD26D /* ExampleUsages.h */ = {isa = PBXFileReference; fileEncoding = 4; lastKnownFileType = sourcecode.c.h; path = ExampleUsages.h; sourceTree = "<group>"; };
		9F2D49B61F27C740004BD26D /* ExampleUsages.m */ = {isa = PBXFileReference; fileEncoding = 4; lastKnownFileType = sourcecode.c.objc; path = ExampleUsages.m; sourceTree = "<group>"; };
		9FACAC7F1F26EE6900BEA488 /* Higher-Order-Function-ObjC */ = {isa = PBXFileReference; explicitFileType = "compiled.mach-o.executable"; includeInIndex = 0; path = "Higher-Order-Function-ObjC"; sourceTree = BUILT_PRODUCTS_DIR; };
		9FACAC821F26EE6900BEA488 /* main.m */ = {isa = PBXFileReference; lastKnownFileType = sourcecode.c.objc; path = main.m; sourceTree = "<group>"; };
		9FACAC891F26EF5100BEA488 /* NSArray+HOF.h */ = {isa = PBXFileReference; fileEncoding = 4; lastKnownFileType = sourcecode.c.h; path = "NSArray+HOF.h"; sourceTree = "<group>"; };
		9FACAC8A1F26EF5100BEA488 /* NSArray+HOF.m */ = {isa = PBXFileReference; fileEncoding = 4; lastKnownFileType = sourcecode.c.objc; path = "NSArray+HOF.m"; sourceTree = "<group>"; };
/* End PBXFileReference section */

/* Begin PBXFrameworksBuildPhase section */
		9FACAC7C1F26EE6900BEA488 /* Frameworks */ = {
			isa = PBXFrameworksBuildPhase;
			buildActionMask = 2147483647;
			files = (
			);
			runOnlyForDeploymentPostprocessing = 0;
		};
/* End PBXFrameworksBuildPhase section */

/* Begin PBXGroup section */
		9FACAC761F26EE6900BEA488 = {
			isa = PBXGroup;
			children = (
				9FACAC811F26EE6900BEA488 /* Higher-Order-Function-ObjC */,
				9FACAC801F26EE6900BEA488 /* Products */,
			);
			sourceTree = "<group>";
		};
		9FACAC801F26EE6900BEA488 /* Products */ = {
			isa = PBXGroup;
			children = (
				9FACAC7F1F26EE6900BEA488 /* Higher-Order-Function-ObjC */,
			);
			name = Products;
			sourceTree = "<group>";
		};
		9FACAC811F26EE6900BEA488 /* Higher-Order-Function-ObjC */ = {
			isa = PBXGroup;
			children = (
				9FACAC821F26EE6900BEA488 /* main.m */,
				9FACAC891F26EF5100BEA488 /* NSArray+HOF.h */,
				9FACAC8A1F26EF5100BEA488 /* NSArray+HOF.m */,
				9F2D49B21F27C6F2004BD26D /* NSArray+HOFC.h */,
				9F2D49B31F27C6F2004BD26D /* NSArray+HOFC.m */,
				9F2D49B51F27C740004BD26D /* ExampleUsages.h */,
				9F2D49B61F27C740004BD26D /* ExampleUsages.m */,
			);
			path = "Higher-Order-Function-ObjC";
			sourceTree = "<group>";
		};
/* End PBXGroup section */

/* Begin PBXNativeTarget section */
		9FACAC7E1F26EE6900BEA488 /* Higher-Order-Function-ObjC */ = {
			isa = PBXNativeTarget;
			buildConfigurationList = 9FACAC861F26EE6900BEA488 /* Build configuration list for PBXNativeTarget "Higher-Order-Function-ObjC" */;
			buildPhases = (
				9FACAC7B1F26EE6900BEA488 /* Sources */,
				9FACAC7C1F26EE6900BEA488 /* Frameworks */,
				9FACAC7D1F26EE6900BEA488 /* CopyFiles */,
			);
			buildRules = (
			);
			dependencies = (
			);
			name = "Higher-Order-Function-ObjC";
			productName = "Higher-Order-Function-ObjC";
			productReference = 9FACAC7F1F26EE6900BEA488 /* Higher-Order-Function-ObjC */;
			productType = "com.apple.product-type.tool";
		};
/* End PBXNativeTarget section */

/* Begin PBXProject section */
		9FACAC771F26EE6900BEA488 /* Project object */ = {
			isa = PBXProject;
			attributes = {
				LastUpgradeCheck = 0830;
				ORGANIZATIONNAME = "Cold Yam";
				TargetAttributes = {
					9FACAC7E1F26EE6900BEA488 = {
						CreatedOnToolsVersion = 8.3.3;
						ProvisioningStyle = Automatic;
					};
				};
			};
			buildConfigurationList = 9FACAC7A1F26EE6900BEA488 /* Build configuration list for PBXProject "Higher-Order-Function-ObjC" */;
			compatibilityVersion = "Xcode 3.2";
			developmentRegion = English;
			hasScannedForEncodings = 0;
			knownRegions = (
				en,
			);
			mainGroup = 9FACAC761F26EE6900BEA488;
			productRefGroup = 9FACAC801F26EE6900BEA488 /* Products */;
			projectDirPath = "";
			projectRoot = "";
			targets = (
				9FACAC7E1F26EE6900BEA488 /* Higher-Order-Function-ObjC */,
			);
		};
/* End PBXProject section */

/* Begin PBXSourcesBuildPhase section */
		9FACAC7B1F26EE6900BEA488 /* Sources */ = {
			isa = PBXSourcesBuildPhase;
			buildActionMask = 2147483647;
			files = (
				9FACAC8B1F26EF5100BEA488 /* NSArray+HOF.m in Sources */,
				9FACAC831F26EE6900BEA488 /* main.m in Sources */,
				9F2D49B71F27C740004BD26D /* ExampleUsages.m in Sources */,
				9F2D49B41F27C6F2004BD26D /* NSArray+HOFC.m in Sources */,
			);
			runOnlyForDeploymentPostprocessing = 0;
		};
/* End PBXSourcesBuildPhase section */

/* Begin XCBuildConfiguration section */
		9FACAC841F26EE6900BEA488 /* Debug */ = {
			isa = XCBuildConfiguration;
			buildSettings = {
				ALWAYS_SEARCH_USER_PATHS = NO;
				CLANG_ANALYZER_NONNULL = YES;
				CLANG_ANALYZER_NUMBER_OBJECT_CONVERSION = YES_AGGRESSIVE;
				CLANG_CXX_LANGUAGE_STANDARD = "gnu++0x";
				CLANG_CXX_LIBRARY = "libc++";
				CLANG_ENABLE_MODULES = YES;
				CLANG_ENABLE_OBJC_ARC = YES;
				CLANG_WARN_BOOL_CONVERSION = YES;
				CLANG_WARN_CONSTANT_CONVERSION = YES;
				CLANG_WARN_DIRECT_OBJC_ISA_USAGE = YES_ERROR;
				CLANG_WARN_DOCUMENTATION_COMMENTS = YES;
				CLANG_WARN_EMPTY_BODY = YES;
				CLANG_WARN_ENUM_CONVERSION = YES;
				CLANG_WARN_INFINITE_RECURSION = YES;
				CLANG_WARN_INT_CONVERSION = YES;
				CLANG_WARN_OBJC_ROOT_CLASS = YES_ERROR;
				CLANG_WARN_SUSPICIOUS_MOVE = YES;
				CLANG_WARN_UNREACHABLE_CODE = YES;
				CLANG_WARN__DUPLICATE_METHOD_MATCH = YES;
				CODE_SIGN_IDENTITY = "-";
				COPY_PHASE_STRIP = NO;
				DEBUG_INFORMATION_FORMAT = dwarf;
				ENABLE_STRICT_OBJC_MSGSEND = YES;
				ENABLE_TESTABILITY = YES;
				GCC_C_LANGUAGE_STANDARD = gnu99;
				GCC_DYNAMIC_NO_PIC = NO;
				GCC_NO_COMMON_BLOCKS = YES;
				GCC_OPTIMIZATION_LEVEL = 0;
				GCC_PREPROCESSOR_DEFINITIONS = (
					"DEBUG=1",
					"$(inherited)",
				);
				GCC_WARN_64_TO_32_BIT_CONVERSION = YES;
				GCC_WARN_ABOUT_RETURN_TYPE = YES_ERROR;
				GCC_WARN_UNDECLARED_SELECTOR = YES;
				GCC_WARN_UNINITIALIZED_AUTOS = YES_AGGRESSIVE;
				GCC_WARN_UNUSED_FUNCTION = YES;
				GCC_WARN_UNUSED_VARIABLE = YES;
				MACOSX_DEPLOYMENT_TARGET = 10.12;
				MTL_ENABLE_DEBUG_INFO = YES;
				ONLY_ACTIVE_ARCH = YES;
				SDKROOT = macosx;
			};
			name = Debug;
		};
		9FACAC851F26EE6900BEA488 /* Release */ = {
			isa = XCBuildConfiguration;
			buildSettings = {
				ALWAYS_SEARCH_USER_PATHS = NO;
				CLANG_ANALYZER_NONNULL = YES;
				CLANG_ANALYZER_NUMBER_OBJECT_CONVERSION = YES_AGGRESSIVE;
				CLANG_CXX_LANGUAGE_STANDARD = "gnu++0x";
				CLANG_CXX_LIBRARY = "libc++";
				CLANG_ENABLE_MODULES = YES;
				CLANG_ENABLE_OBJC_ARC = YES;
				CLANG_WARN_BOOL_CONVERSION = YES;
				CLANG_WARN_CONSTANT_CONVERSION = YES;
				CLANG_WARN_DIRECT_OBJC_ISA_USAGE = YES_ERROR;
				CLANG_WARN_DOCUMENTATION_COMMENTS = YES;
				CLANG_WARN_EMPTY_BODY = YES;
				CLANG_WARN_ENUM_CONVERSION = YES;
				CLANG_WARN_INFINITE_RECURSION = YES;
				CLANG_WARN_INT_CONVERSION = YES;
				CLANG_WARN_OBJC_ROOT_CLASS = YES_ERROR;
				CLANG_WARN_SUSPICIOUS_MOVE = YES;
				CLANG_WARN_UNREACHABLE_CODE = YES;
				CLANG_WARN__DUPLICATE_METHOD_MATCH = YES;
				CODE_SIGN_IDENTITY = "-";
				COPY_PHASE_STRIP = NO;
				DEBUG_INFORMATION_FORMAT = "dwarf-with-dsym";
				ENABLE_NS_ASSERTIONS = NO;
				ENABLE_STRICT_OBJC_MSGSEND = YES;
				GCC_C_LANGUAGE_STANDARD = gnu99;
				GCC_NO_COMMON_BLOCKS = YES;
				GCC_WARN_64_TO_32_BIT_CONVERSION = YES;
				GCC_WARN_ABOUT_RETURN_TYPE = YES_ERROR;
				GCC_WARN_UNDECLARED_SELECTOR = YES;
				GCC_WARN_UNINITIALIZED_AUTOS = YES_AGGRESSIVE;
				GCC_WARN_UNUSED_FUNCTION = YES;
				GCC_WARN_UNUSED_VARIABLE = YES;
				MACOSX_DEPLOYMENT_TARGET = 10.12;
				MTL_ENABLE_DEBUG_INFO = NO;
				SDKROOT = macosx;
			};
			name = Release;
		};
		9FACAC871F26EE6900BEA488 /* Debug */ = {
			isa = XCBuildConfiguration;
			buildSettings = {
				PRODUCT_NAME = "$(TARGET_NAME)";
			};
			name = Debug;
		};
		9FACAC881F26EE6900BEA488 /* Release */ = {
			isa = XCBuildConfiguration;
			buildSettings = {
				PRODUCT_NAME = "$(TARGET_NAME)";
			};
			name = Release;
		};
/* End XCBuildConfiguration section */

/* Begin XCConfigurationList section */
		9FACAC7A1F26EE6900BEA488 /* Build configuration list for PBXProject "Higher-Order-Function-ObjC" */ = {
			isa = XCConfigurationList;
			buildConfigurations = (
				9FACAC841F26EE6900BEA488 /* Debug */,
				9FACAC851F26EE6900BEA488 /* Release */,
			);
			defaultConfigurationIsVisible = 0;
			defaultConfigurationName = Release;
		};
		9FACAC861F26EE6900BEA488 /* Build configuration list for PBXNativeTarget "Higher-Order-Function-ObjC" */ = {
			isa = XCConfigurationList;
			buildConfigurations = (
				9FACAC871F26EE6900BEA488 /* Debug */,
				9FACAC881F26EE6900BEA488 /* Release */,
			);
			defaultConfigurationIsVisible = 0;
			defaultConfigurationName = Release;
		};
/* End XCConfigurationList section */
	};
	rootObject = 9FACAC771F26EE6900BEA488 /* Project object */;
}
